Microsoft Visual Studio Solution File, Format Version 12.00
# Visual Studio 15
VisualStudioVersion = 15.0.26430.14
MinimumVisualStudioVersion = 10.0.40219.1
Project("{FAE04EC0-301F-11D3-BF4B-00C04F79EFBC}") = "FirstAPICalculator.Standard", "FirstAPICalculator.Standard/FirstAPICalculator.Standard.csproj", "{b1896461-1c99-473a-ba1a-64e599546966}"
EndProject
Project("{FAE04EC0-301F-11D3-BF4B-00C04F79EFBC}") = "FirstAPICalculator.Tests", "FirstAPICalculator.Tests/FirstAPICalculator.Tests.csproj", "{487e0c72-f8a1-4fd9-a2af-b33737ea8fd2}"
EndProject
Global
    GlobalSection(SolutionConfigurationPlatforms) = preSolution
        Debug|Any CPU = Debug|Any CPU
        Release|Any CPU = Release|Any CPU
    EndGlobalSection
    GlobalSection(ProjectConfigurationPlatforms) = postSolution
        {b1896461-1c99-473a-ba1a-64e599546966}.Debug|Any CPU.ActiveCfg = Debug|Any CPU
        {b1896461-1c99-473a-ba1a-64e599546966}.Debug|Any CPU.Build.0 = Debug|Any CPU
        {b1896461-1c99-473a-ba1a-64e599546966}.Release|Any CPU.ActiveCfg = Release|Any CPU
        {b1896461-1c99-473a-ba1a-64e599546966}.Release|Any CPU.Build.0 = Release|Any CPU
        {487e0c72-f8a1-4fd9-a2af-b33737ea8fd2}.Debug|Any CPU.ActiveCfg = Debug|Any CPU
        {487e0c72-f8a1-4fd9-a2af-b33737ea8fd2}.Debug|Any CPU.Build.0 = Debug|Any CPU
        {487e0c72-f8a1-4fd9-a2af-b33737ea8fd2}.Release|Any CPU.ActiveCfg = Release|Any CPU
        {487e0c72-f8a1-4fd9-a2af-b33737ea8fd2}.Release|Any CPU.Build.0 = Release|Any CPU
    EndGlobalSection
    GlobalSection(SolutionProperties) = preSolution
        HideSolutionNode = FALSE
    EndGlobalSection
EndGlobal
