Microsoft Visual Studio Solution File, Format Version 12.00
# Visual Studio 15
VisualStudioVersion = 15.0.26430.14
MinimumVisualStudioVersion = 10.0.40219.1
Project("{FAE04EC0-301F-11D3-BF4B-00C04F79EFBC}") = "FirstAPICalculator.Standard", "FirstAPICalculator.Standard/FirstAPICalculator.Standard.csproj", "{1d0cf2fa-16d6-49ba-824c-9a6bdc07bea0}"
EndProject
Project("{FAE04EC0-301F-11D3-BF4B-00C04F79EFBC}") = "FirstAPICalculator.Tests", "FirstAPICalculator.Tests/FirstAPICalculator.Tests.csproj", "{7c15f04a-4ce6-42d5-86b1-4ce23836590f}"
EndProject
Global
    GlobalSection(SolutionConfigurationPlatforms) = preSolution
        Debug|Any CPU = Debug|Any CPU
        Release|Any CPU = Release|Any CPU
    EndGlobalSection
    GlobalSection(ProjectConfigurationPlatforms) = postSolution
        {1d0cf2fa-16d6-49ba-824c-9a6bdc07bea0}.Debug|Any CPU.ActiveCfg = Debug|Any CPU
        {1d0cf2fa-16d6-49ba-824c-9a6bdc07bea0}.Debug|Any CPU.Build.0 = Debug|Any CPU
        {1d0cf2fa-16d6-49ba-824c-9a6bdc07bea0}.Release|Any CPU.ActiveCfg = Release|Any CPU
        {1d0cf2fa-16d6-49ba-824c-9a6bdc07bea0}.Release|Any CPU.Build.0 = Release|Any CPU
        {7c15f04a-4ce6-42d5-86b1-4ce23836590f}.Debug|Any CPU.ActiveCfg = Debug|Any CPU
        {7c15f04a-4ce6-42d5-86b1-4ce23836590f}.Debug|Any CPU.Build.0 = Debug|Any CPU
        {7c15f04a-4ce6-42d5-86b1-4ce23836590f}.Release|Any CPU.ActiveCfg = Release|Any CPU
        {7c15f04a-4ce6-42d5-86b1-4ce23836590f}.Release|Any CPU.Build.0 = Release|Any CPU
    EndGlobalSection
    GlobalSection(SolutionProperties) = preSolution
        HideSolutionNode = FALSE
    EndGlobalSection
EndGlobal
